
Microsoft Visual Studio Solution File, Format Version 12.00
# Visual Studio Version 17
VisualStudioVersion = 17.5.002.0
MinimumVisualStudioVersion = 10.0.40219.1
Project("{9A19103F-16F7-4668-BE54-9A1E7A4F7556}") = "CSharpServer", "CSharpServer\CSharpServer.csproj", "{669FA1D0-990D-45FB-8322-37DFBCFAEAB6}"
EndProject
Global
	GlobalSection(SolutionConfigurationPlatforms) = preSolution
		Debug|Any CPU = Debug|Any CPU
		Release|Any CPU = Release|Any CPU
	EndGlobalSection
	GlobalSection(ProjectConfigurationPlatforms) = postSolution
		{669FA1D0-990D-45FB-8322-37DFBCFAEAB6}.Debug|Any CPU.ActiveCfg = Debug|Any CPU
		{669FA1D0-990D-45FB-8322-37DFBCFAEAB6}.Debug|Any CPU.Build.0 = Debug|Any CPU
		{669FA1D0-990D-45FB-8322-37DFBCFAEAB6}.Release|Any CPU.ActiveCfg = Release|Any CPU
		{669FA1D0-990D-45FB-8322-37DFBCFAEAB6}.Release|Any CPU.Build.0 = Release|Any CPU
	EndGlobalSection
	GlobalSection(SolutionProperties) = preSolution
		HideSolutionNode = FALSE
	EndGlobalSection
	GlobalSection(ExtensibilityGlobals) = postSolution
		SolutionGuid = {8FE7E173-377D-4538-A2B9-738663DE324E}
	EndGlobalSection
EndGlobal
